
Microsoft Visual Studio Solution File, Format Version 12.00
# Visual Studio Version 17
VisualStudioVersion = 17.10.35013.160
MinimumVisualStudioVersion = 10.0.40219.1
Project("{C9674DCB-5085-4A16-B785-4C70DD1589BD}") = "ETL", "ETL.dtproj", "{F0F77481-A4B2-45AF-8A11-BD6DF9D127F4}"
EndProject
Global
	GlobalSection(SolutionConfigurationPlatforms) = preSolution
		Development|Default = Development|Default
	EndGlobalSection
	GlobalSection(ProjectConfigurationPlatforms) = postSolution
		{F0F77481-A4B2-45AF-8A11-BD6DF9D127F4}.Development|Default.ActiveCfg = Development
		{F0F77481-A4B2-45AF-8A11-BD6DF9D127F4}.Development|Default.Build.0 = Development
	EndGlobalSection
	GlobalSection(SolutionProperties) = preSolution
		HideSolutionNode = FALSE
	EndGlobalSection
	GlobalSection(ExtensibilityGlobals) = postSolution
		SolutionGuid = {771598FC-FE7A-4CA0-885E-376096BB45F0}
	EndGlobalSection
EndGlobal
